
Microsoft Visual Studio Solution File, Format Version 12.00
# Visual Studio 14
VisualStudioVersion = 14.0.25420.1
MinimumVisualStudioVersion = 10.0.40219.1
Project("{2150E333-8FDC-42A3-9474-1A3956D46DE8}") = "src", "src", "{90BFD9DC-45C4-4645-BDA6-BD6756722CBF}"
EndProject
Project("{2150E333-8FDC-42A3-9474-1A3956D46DE8}") = "Solution Items", "Solution Items", "{5A03CBE7-50CA-44F4-B7EB-1412B01ECCFA}"
	ProjectSection(SolutionItems) = preProject
		global.json = global.json
	EndProjectSection
EndProject
Project("{8BB2217D-0F2D-49D1-97BC-3654ED321F3B}") = "Dockore", "src\Dockore\Dockore.xproj", "{7A678AC6-EA57-4EB4-99D6-5718D3BEFF3A}"
EndProject
Global
	GlobalSection(SolutionConfigurationPlatforms) = preSolution
		Debug|Any CPU = Debug|Any CPU
		Release|Any CPU = Release|Any CPU
	EndGlobalSection
	GlobalSection(ProjectConfigurationPlatforms) = postSolution
		{7A678AC6-EA57-4EB4-99D6-5718D3BEFF3A}.Debug|Any CPU.ActiveCfg = Debug|Any CPU
		{7A678AC6-EA57-4EB4-99D6-5718D3BEFF3A}.Debug|Any CPU.Build.0 = Debug|Any CPU
		{7A678AC6-EA57-4EB4-99D6-5718D3BEFF3A}.Release|Any CPU.ActiveCfg = Release|Any CPU
		{7A678AC6-EA57-4EB4-99D6-5718D3BEFF3A}.Release|Any CPU.Build.0 = Release|Any CPU
	EndGlobalSection
	GlobalSection(SolutionProperties) = preSolution
		HideSolutionNode = FALSE
	EndGlobalSection
	GlobalSection(NestedProjects) = preSolution
		{7A678AC6-EA57-4EB4-99D6-5718D3BEFF3A} = {90BFD9DC-45C4-4645-BDA6-BD6756722CBF}
	EndGlobalSection
EndGlobal
